
Microsoft Visual Studio Solution File, Format Version 12.00
Project("{FAE04EC0-301F-11D3-BF4B-00C04F79EFBC}") = "Single-Responsibility", "Single-Responsibility\Single-Responsibility.csproj", "{7576045D-E87C-4337-A2E8-884C536B8E44}"
EndProject
Project("{FAE04EC0-301F-11D3-BF4B-00C04F79EFBC}") = "Open-Closed", "Open-Closed\Open-Closed.csproj", "{FE174ED4-16F5-4B39-AD02-9DDF445D7C2D}"
EndProject
Project("{FAE04EC0-301F-11D3-BF4B-00C04F79EFBC}") = "Liskov-Substitution", "Liskov-Substitution\Liskov-Substitution.csproj", "{5CB24C83-FA91-424E-AFD6-2821972C8ADD}"
EndProject
Project("{FAE04EC0-301F-11D3-BF4B-00C04F79EFBC}") = "Interface-Segregation", "Interface-Segregation\Interface-Segregation.csproj", "{37196C9C-66A0-496C-B171-E5DAA6540D97}"
EndProject
Project("{FAE04EC0-301F-11D3-BF4B-00C04F79EFBC}") = "Dependency-Inversion", "Dependency-Inversion\Dependency-Inversion.csproj", "{205AE128-B397-45F2-9F36-112667663DE5}"
EndProject
Global
	GlobalSection(SolutionConfigurationPlatforms) = preSolution
		Debug|Any CPU = Debug|Any CPU
		Release|Any CPU = Release|Any CPU
	EndGlobalSection
	GlobalSection(ProjectConfigurationPlatforms) = postSolution
		{7576045D-E87C-4337-A2E8-884C536B8E44}.Debug|Any CPU.ActiveCfg = Debug|Any CPU
		{7576045D-E87C-4337-A2E8-884C536B8E44}.Debug|Any CPU.Build.0 = Debug|Any CPU
		{7576045D-E87C-4337-A2E8-884C536B8E44}.Release|Any CPU.ActiveCfg = Release|Any CPU
		{7576045D-E87C-4337-A2E8-884C536B8E44}.Release|Any CPU.Build.0 = Release|Any CPU
		{FE174ED4-16F5-4B39-AD02-9DDF445D7C2D}.Debug|Any CPU.ActiveCfg = Debug|Any CPU
		{FE174ED4-16F5-4B39-AD02-9DDF445D7C2D}.Debug|Any CPU.Build.0 = Debug|Any CPU
		{FE174ED4-16F5-4B39-AD02-9DDF445D7C2D}.Release|Any CPU.ActiveCfg = Release|Any CPU
		{FE174ED4-16F5-4B39-AD02-9DDF445D7C2D}.Release|Any CPU.Build.0 = Release|Any CPU
		{5CB24C83-FA91-424E-AFD6-2821972C8ADD}.Debug|Any CPU.ActiveCfg = Debug|Any CPU
		{5CB24C83-FA91-424E-AFD6-2821972C8ADD}.Debug|Any CPU.Build.0 = Debug|Any CPU
		{5CB24C83-FA91-424E-AFD6-2821972C8ADD}.Release|Any CPU.ActiveCfg = Release|Any CPU
		{5CB24C83-FA91-424E-AFD6-2821972C8ADD}.Release|Any CPU.Build.0 = Release|Any CPU
		{37196C9C-66A0-496C-B171-E5DAA6540D97}.Debug|Any CPU.ActiveCfg = Debug|Any CPU
		{37196C9C-66A0-496C-B171-E5DAA6540D97}.Debug|Any CPU.Build.0 = Debug|Any CPU
		{37196C9C-66A0-496C-B171-E5DAA6540D97}.Release|Any CPU.ActiveCfg = Release|Any CPU
		{37196C9C-66A0-496C-B171-E5DAA6540D97}.Release|Any CPU.Build.0 = Release|Any CPU
		{205AE128-B397-45F2-9F36-112667663DE5}.Debug|Any CPU.ActiveCfg = Debug|Any CPU
		{205AE128-B397-45F2-9F36-112667663DE5}.Debug|Any CPU.Build.0 = Debug|Any CPU
		{205AE128-B397-45F2-9F36-112667663DE5}.Release|Any CPU.ActiveCfg = Release|Any CPU
		{205AE128-B397-45F2-9F36-112667663DE5}.Release|Any CPU.Build.0 = Release|Any CPU
	EndGlobalSection
EndGlobal
